
Microsoft Visual Studio Solution File, Format Version 12.00
# Visual Studio Version 16
VisualStudioVersion = 16.0.31205.134
MinimumVisualStudioVersion = 10.0.40219.1
Project("{9092AA53-FB77-4645-B42D-1CCCA6BD08BD}") = "indexx.js", "indexx.js.njsproj", "{C96A4A06-6789-49E1-ACB2-98412E9E3B75}"
EndProject
Global
	GlobalSection(SolutionConfigurationPlatforms) = preSolution
		Debug|Any CPU = Debug|Any CPU
		Release|Any CPU = Release|Any CPU
	EndGlobalSection
	GlobalSection(ProjectConfigurationPlatforms) = postSolution
		{C96A4A06-6789-49E1-ACB2-98412E9E3B75}.Debug|Any CPU.ActiveCfg = Debug|Any CPU
		{C96A4A06-6789-49E1-ACB2-98412E9E3B75}.Debug|Any CPU.Build.0 = Debug|Any CPU
		{C96A4A06-6789-49E1-ACB2-98412E9E3B75}.Release|Any CPU.ActiveCfg = Release|Any CPU
		{C96A4A06-6789-49E1-ACB2-98412E9E3B75}.Release|Any CPU.Build.0 = Release|Any CPU
	EndGlobalSection
	GlobalSection(SolutionProperties) = preSolution
		HideSolutionNode = FALSE
	EndGlobalSection
	GlobalSection(ExtensibilityGlobals) = postSolution
		SolutionGuid = {367E15D1-80C0-4178-98FF-29A3131AD803}
	EndGlobalSection
EndGlobal
